
Microsoft Visual Studio Solution File, Format Version 12.00
# Visual Studio 14
VisualStudioVersion = 14.0.22310.1
MinimumVisualStudioVersion = 10.0.40219.1
Project("{2150E333-8FDC-42A3-9474-1A3956D46DE8}") = "Engine", "Engine", "{817B6E75-CDC0-4F79-9A0D-E133F2508748}"
EndProject
Project("{2150E333-8FDC-42A3-9474-1A3956D46DE8}") = "Games", "Games", "{3FAF9811-1265-4178-9B6A-CA61688C696A}"
EndProject
Project("{8BC9CEB8-8B4A-11D0-8D11-00A0C91BC942}") = "UE4", "Intermediate\ProjectFiles\UE4.vcxproj", "{B6C40744-D973-4D64-8092-B5C45744A60F}"
EndProject
Project("{8BC9CEB8-8B4A-11D0-8D11-00A0C91BC942}") = "PortFolio", "Intermediate\ProjectFiles\PortFolio.vcxproj", "{F255D0EF-312E-484F-903F-CF7CAB7A42A1}"
EndProject
Project("{2150E333-8FDC-42A3-9474-1A3956D46DE8}") = "Visualizers", "Visualizers", "{F3BB5E18-FA5C-4E12-A713-799C76C66881}"
	ProjectSection(SolutionItems) = preProject
		..\..\Epic Games\UE_4.24\Engine\Extras\VisualStudioDebugging\UE4.natvis = ..\..\Epic Games\UE_4.24\Engine\Extras\VisualStudioDebugging\UE4.natvis
	EndProjectSection
EndProject
Global
	GlobalSection(SolutionConfigurationPlatforms) = preSolution
		DebugGame Editor|Win32 = DebugGame Editor|Win32
		DebugGame Editor|Win64 = DebugGame Editor|Win64
		DebugGame|Win32 = DebugGame|Win32
		DebugGame|Win64 = DebugGame|Win64
		Development Editor|Win32 = Development Editor|Win32
		Development Editor|Win64 = Development Editor|Win64
		Development|Win32 = Development|Win32
		Development|Win64 = Development|Win64
		Shipping|Win32 = Shipping|Win32
		Shipping|Win64 = Shipping|Win64
	EndGlobalSection
	GlobalSection(ProjectConfigurationPlatforms) = postSolution
		{B6C40744-D973-4D64-8092-B5C45744A60F}.DebugGame Editor|Win32.ActiveCfg = BuiltWithUnrealBuildTool|Win32
		{B6C40744-D973-4D64-8092-B5C45744A60F}.DebugGame Editor|Win64.ActiveCfg = BuiltWithUnrealBuildTool|Win32
		{B6C40744-D973-4D64-8092-B5C45744A60F}.DebugGame|Win32.ActiveCfg = BuiltWithUnrealBuildTool|Win32
		{B6C40744-D973-4D64-8092-B5C45744A60F}.DebugGame|Win64.ActiveCfg = BuiltWithUnrealBuildTool|Win32
		{B6C40744-D973-4D64-8092-B5C45744A60F}.Development Editor|Win32.ActiveCfg = BuiltWithUnrealBuildTool|Win32
		{B6C40744-D973-4D64-8092-B5C45744A60F}.Development Editor|Win64.ActiveCfg = BuiltWithUnrealBuildTool|Win32
		{B6C40744-D973-4D64-8092-B5C45744A60F}.Development|Win32.ActiveCfg = BuiltWithUnrealBuildTool|Win32
		{B6C40744-D973-4D64-8092-B5C45744A60F}.Development|Win64.ActiveCfg = BuiltWithUnrealBuildTool|Win32
		{B6C40744-D973-4D64-8092-B5C45744A60F}.Shipping|Win32.ActiveCfg = BuiltWithUnrealBuildTool|Win32
		{B6C40744-D973-4D64-8092-B5C45744A60F}.Shipping|Win64.ActiveCfg = BuiltWithUnrealBuildTool|Win32
		{F255D0EF-312E-484F-903F-CF7CAB7A42A1}.DebugGame Editor|Win32.ActiveCfg = Invalid|Win32
		{F255D0EF-312E-484F-903F-CF7CAB7A42A1}.DebugGame Editor|Win64.ActiveCfg = DebugGame_Editor|x64
		{F255D0EF-312E-484F-903F-CF7CAB7A42A1}.DebugGame Editor|Win64.Build.0 = DebugGame_Editor|x64
		{F255D0EF-312E-484F-903F-CF7CAB7A42A1}.DebugGame|Win32.ActiveCfg = DebugGame|Win32
		{F255D0EF-312E-484F-903F-CF7CAB7A42A1}.DebugGame|Win32.Build.0 = DebugGame|Win32
		{F255D0EF-312E-484F-903F-CF7CAB7A42A1}.DebugGame|Win64.ActiveCfg = DebugGame|x64
		{F255D0EF-312E-484F-903F-CF7CAB7A42A1}.DebugGame|Win64.Build.0 = DebugGame|x64
		{F255D0EF-312E-484F-903F-CF7CAB7A42A1}.Development Editor|Win32.ActiveCfg = Invalid|Win32
		{F255D0EF-312E-484F-903F-CF7CAB7A42A1}.Development Editor|Win64.ActiveCfg = Development_Editor|x64
		{F255D0EF-312E-484F-903F-CF7CAB7A42A1}.Development Editor|Win64.Build.0 = Development_Editor|x64
		{F255D0EF-312E-484F-903F-CF7CAB7A42A1}.Development|Win32.ActiveCfg = Development|Win32
		{F255D0EF-312E-484F-903F-CF7CAB7A42A1}.Development|Win32.Build.0 = Development|Win32
		{F255D0EF-312E-484F-903F-CF7CAB7A42A1}.Development|Win64.ActiveCfg = Development|x64
		{F255D0EF-312E-484F-903F-CF7CAB7A42A1}.Development|Win64.Build.0 = Development|x64
		{F255D0EF-312E-484F-903F-CF7CAB7A42A1}.Shipping|Win32.ActiveCfg = Shipping|Win32
		{F255D0EF-312E-484F-903F-CF7CAB7A42A1}.Shipping|Win32.Build.0 = Shipping|Win32
		{F255D0EF-312E-484F-903F-CF7CAB7A42A1}.Shipping|Win64.ActiveCfg = Shipping|x64
		{F255D0EF-312E-484F-903F-CF7CAB7A42A1}.Shipping|Win64.Build.0 = Shipping|x64
	EndGlobalSection
	GlobalSection(SolutionProperties) = preSolution
		HideSolutionNode = FALSE
	EndGlobalSection
	GlobalSection(NestedProjects) = preSolution
		{B6C40744-D973-4D64-8092-B5C45744A60F} = {817B6E75-CDC0-4F79-9A0D-E133F2508748}
		{F255D0EF-312E-484F-903F-CF7CAB7A42A1} = {3FAF9811-1265-4178-9B6A-CA61688C696A}
	EndGlobalSection
EndGlobal
